
Microsoft Visual Studio Solution File, Format Version 12.00
# Visual Studio Version 16
VisualStudioVersion = 16.0.32630.194
MinimumVisualStudioVersion = 10.0.40219.1
Project("{FAE04EC0-301F-11D3-BF4B-00C04F79EFBC}") = "course01", "course01\course01.csproj", "{4B994188-E1C7-48E2-8973-A11184CFC89F}"
EndProject
Global
	GlobalSection(SolutionConfigurationPlatforms) = preSolution
		Debug|Any CPU = Debug|Any CPU
		Release|Any CPU = Release|Any CPU
	EndGlobalSection
	GlobalSection(ProjectConfigurationPlatforms) = postSolution
		{4B994188-E1C7-48E2-8973-A11184CFC89F}.Debug|Any CPU.ActiveCfg = Debug|Any CPU
		{4B994188-E1C7-48E2-8973-A11184CFC89F}.Debug|Any CPU.Build.0 = Debug|Any CPU
		{4B994188-E1C7-48E2-8973-A11184CFC89F}.Release|Any CPU.ActiveCfg = Release|Any CPU
		{4B994188-E1C7-48E2-8973-A11184CFC89F}.Release|Any CPU.Build.0 = Release|Any CPU
	EndGlobalSection
	GlobalSection(SolutionProperties) = preSolution
		HideSolutionNode = FALSE
	EndGlobalSection
	GlobalSection(ExtensibilityGlobals) = postSolution
		SolutionGuid = {B5855A79-D2FC-40B6-B5B2-1AE9EE49BF17}
	EndGlobalSection
EndGlobal
